
Microsoft Visual Studio Solution File, Format Version 10.00
# Visual C++ Express 2008
Project("{8BC9CEB8-8B4A-11D0-8D11-00A0C91BC942}") = "test", "test.vcproj", "{A4921C44-3B17-4F19-92F1-78E67D3EC6D0}"
EndProject
Global
	GlobalSection(SolutionConfigurationPlatforms) = preSolution
		Debug|Win32 = Debug|Win32
		Release|Win32 = Release|Win32
	EndGlobalSection
	GlobalSection(ProjectConfigurationPlatforms) = postSolution
		{A4921C44-3B17-4F19-92F1-78E67D3EC6D0}.Debug|Win32.ActiveCfg = Debug|Win32
		{A4921C44-3B17-4F19-92F1-78E67D3EC6D0}.Debug|Win32.Build.0 = Debug|Win32
		{A4921C44-3B17-4F19-92F1-78E67D3EC6D0}.Release|Win32.ActiveCfg = Release|Win32
		{A4921C44-3B17-4F19-92F1-78E67D3EC6D0}.Release|Win32.Build.0 = Release|Win32
	EndGlobalSection
	GlobalSection(SolutionProperties) = preSolution
		HideSolutionNode = FALSE
	EndGlobalSection
EndGlobal
