
Microsoft Visual Studio Solution File, Format Version 10.00
# Visual C++ Express 2008
Project("{8BC9CEB8-8B4A-11D0-8D11-00A0C91BC942}") = "test2", "test2.vcproj", "{FC42353B-29FC-440E-AAA7-3D7F901485C8}"
EndProject
Global
	GlobalSection(SolutionConfigurationPlatforms) = preSolution
		Debug|Win32 = Debug|Win32
		Release|Win32 = Release|Win32
	EndGlobalSection
	GlobalSection(ProjectConfigurationPlatforms) = postSolution
		{FC42353B-29FC-440E-AAA7-3D7F901485C8}.Debug|Win32.ActiveCfg = Debug|Win32
		{FC42353B-29FC-440E-AAA7-3D7F901485C8}.Debug|Win32.Build.0 = Debug|Win32
		{FC42353B-29FC-440E-AAA7-3D7F901485C8}.Release|Win32.ActiveCfg = Release|Win32
		{FC42353B-29FC-440E-AAA7-3D7F901485C8}.Release|Win32.Build.0 = Release|Win32
	EndGlobalSection
	GlobalSection(SolutionProperties) = preSolution
		HideSolutionNode = FALSE
	EndGlobalSection
EndGlobal
