
Microsoft Visual Studio Solution File, Format Version 10.00
# Visual Studio 2008
Project("{8BC9CEB8-8B4A-11D0-8D11-00A0C91BC942}") = "enum_mutex_dll", "enum_mutex_dll.vcproj", "{DB3BB9B2-A041-412A-A460-0789E2B8C8AE}"
EndProject
Global
	GlobalSection(SolutionConfigurationPlatforms) = preSolution
		Debug|Win32 = Debug|Win32
		Release|Win32 = Release|Win32
	EndGlobalSection
	GlobalSection(ProjectConfigurationPlatforms) = postSolution
		{DB3BB9B2-A041-412A-A460-0789E2B8C8AE}.Debug|Win32.ActiveCfg = Debug|Win32
		{DB3BB9B2-A041-412A-A460-0789E2B8C8AE}.Debug|Win32.Build.0 = Debug|Win32
		{DB3BB9B2-A041-412A-A460-0789E2B8C8AE}.Release|Win32.ActiveCfg = Release|Win32
		{DB3BB9B2-A041-412A-A460-0789E2B8C8AE}.Release|Win32.Build.0 = Release|Win32
	EndGlobalSection
	GlobalSection(SolutionProperties) = preSolution
		HideSolutionNode = FALSE
	EndGlobalSection
EndGlobal
